
Microsoft Visual Studio Solution File, Format Version 12.00
# Visual Studio Version 17
VisualStudioVersion = 17.9.34616.47
MinimumVisualStudioVersion = 10.0.40219.1
Project("{2150E333-8FDC-42A3-9474-1A3956D46DE8}") = "Frontend", "Frontend", "{63A01177-9229-4F07-9417-EE62164C7A26}"
EndProject
Project("{2150E333-8FDC-42A3-9474-1A3956D46DE8}") = "Gateway", "Gateway", "{72355D63-832A-4CFD-84A3-D55C6C4F134B}"
EndProject
Project("{2150E333-8FDC-42A3-9474-1A3956D46DE8}") = "Integration", "Integration", "{1C3C953F-DF7E-4537-B5A4-E60435DF1BE1}"
EndProject
Project("{2150E333-8FDC-42A3-9474-1A3956D46DE8}") = "Services", "Services", "{BE010941-268B-4D40-908A-67D9343A668D}"
EndProject
Project("{FAE04EC0-301F-11D3-BF4B-00C04F79EFBC}") = "Ecommerce.Services.ProductAPI", "Ecommerce.Services.ProductAPI\Ecommerce.Services.ProductAPI.csproj", "{9A4221B5-8402-4BAE-AF37-D7A65CC13D14}"
EndProject
Project("{FAE04EC0-301F-11D3-BF4B-00C04F79EFBC}") = "Ecommerce.Services.AuthAPI", "Ecommerce.Services.AuthAPI\Ecommerce.Services.AuthAPI.csproj", "{CB1CBBCD-CA62-419A-9B7D-7F03D7CF7822}"
EndProject
Global
	GlobalSection(SolutionConfigurationPlatforms) = preSolution
		Debug|Any CPU = Debug|Any CPU
		Release|Any CPU = Release|Any CPU
	EndGlobalSection
	GlobalSection(ProjectConfigurationPlatforms) = postSolution
		{9A4221B5-8402-4BAE-AF37-D7A65CC13D14}.Debug|Any CPU.ActiveCfg = Debug|Any CPU
		{9A4221B5-8402-4BAE-AF37-D7A65CC13D14}.Debug|Any CPU.Build.0 = Debug|Any CPU
		{9A4221B5-8402-4BAE-AF37-D7A65CC13D14}.Release|Any CPU.ActiveCfg = Release|Any CPU
		{9A4221B5-8402-4BAE-AF37-D7A65CC13D14}.Release|Any CPU.Build.0 = Release|Any CPU
		{CB1CBBCD-CA62-419A-9B7D-7F03D7CF7822}.Debug|Any CPU.ActiveCfg = Debug|Any CPU
		{CB1CBBCD-CA62-419A-9B7D-7F03D7CF7822}.Debug|Any CPU.Build.0 = Debug|Any CPU
		{CB1CBBCD-CA62-419A-9B7D-7F03D7CF7822}.Release|Any CPU.ActiveCfg = Release|Any CPU
		{CB1CBBCD-CA62-419A-9B7D-7F03D7CF7822}.Release|Any CPU.Build.0 = Release|Any CPU
	EndGlobalSection
	GlobalSection(SolutionProperties) = preSolution
		HideSolutionNode = FALSE
	EndGlobalSection
	GlobalSection(NestedProjects) = preSolution
		{9A4221B5-8402-4BAE-AF37-D7A65CC13D14} = {BE010941-268B-4D40-908A-67D9343A668D}
		{CB1CBBCD-CA62-419A-9B7D-7F03D7CF7822} = {BE010941-268B-4D40-908A-67D9343A668D}
	EndGlobalSection
	GlobalSection(ExtensibilityGlobals) = postSolution
		SolutionGuid = {9C68AA29-2F75-46B0-9A5A-9AF3127F5549}
	EndGlobalSection
EndGlobal
